version: 2.0
shards:
  cossack:
    git: https://github.com/crystal-community/cossack.git
    version: 0.1.4

  exception_page:
    git: https://github.com/crystal-loot/exception_page.git
    version: 0.1.2

  jwt:
    git: https://github.com/crystal-community/jwt.git
    version: 1.1.2

  kemal:
    git: https://github.com/kemalcr/kemal.git
    version: 0.26.0

  kilt:
    git: https://github.com/jeromegn/kilt.git
    version: 0.4.0

  openssl_ext:
    git: https://github.com/stakach/openssl_ext.git
    version: 1.0.0

  radix:
    git: https://github.com/luislavena/radix.git
    version: 0.3.9

